
Microsoft Visual Studio Solution File, Format Version 12.00
# Visual Studio Version 17
VisualStudioVersion = 17.4.33205.214
MinimumVisualStudioVersion = 10.0.40219.1
Project("{FAE04EC0-301F-11D3-BF4B-00C04F79EFBC}") = "CatDog", "CatDog\CatDog.csproj", "{7D823E00-39C4-4514-B2D6-FF0A4595A502}"
EndProject
Global
	GlobalSection(SolutionConfigurationPlatforms) = preSolution
		Debug|Any CPU = Debug|Any CPU
		Release|Any CPU = Release|Any CPU
	EndGlobalSection
	GlobalSection(ProjectConfigurationPlatforms) = postSolution
		{7D823E00-39C4-4514-B2D6-FF0A4595A502}.Debug|Any CPU.ActiveCfg = Debug|Any CPU
		{7D823E00-39C4-4514-B2D6-FF0A4595A502}.Debug|Any CPU.Build.0 = Debug|Any CPU
		{7D823E00-39C4-4514-B2D6-FF0A4595A502}.Release|Any CPU.ActiveCfg = Release|Any CPU
		{7D823E00-39C4-4514-B2D6-FF0A4595A502}.Release|Any CPU.Build.0 = Release|Any CPU
	EndGlobalSection
	GlobalSection(SolutionProperties) = preSolution
		HideSolutionNode = FALSE
	EndGlobalSection
	GlobalSection(ExtensibilityGlobals) = postSolution
		SolutionGuid = {6959A1B2-B05B-4250-82D6-1115C2D98620}
	EndGlobalSection
EndGlobal
